// !$*UTF8*$!
{
	archiveVersion = 1;
	classes = {
	};
	objectVersion = 56;
	objects = {

/* Begin PBXBuildFile section */
		B5B5C61E2B03539B006E8A88 /* AppDelegate.swift in Sources */ = {isa = PBXBuildFile; fileRef = B5B5C61D2B03539B006E8A88 /* AppDelegate.swift */; };
		B5B5C6202B03539B006E8A88 /* SceneDelegate.swift in Sources */ = {isa = PBXBuildFile; fileRef = B5B5C61F2B03539B006E8A88 /* SceneDelegate.swift */; };
		B5B5C6222B03539B006E8A88 /* MainViewController.swift in Sources */ = {isa = PBXBuildFile; fileRef = B5B5C6212B03539B006E8A88 /* MainViewController.swift */; };
		B5B5C6252B03539B006E8A88 /* Main.storyboard in Resources */ = {isa = PBXBuildFile; fileRef = B5B5C6232B03539B006E8A88 /* Main.storyboard */; };
		B5B5C6272B03539D006E8A88 /* Assets.xcassets in Resources */ = {isa = PBXBuildFile; fileRef = B5B5C6262B03539D006E8A88 /* Assets.xcassets */; };
		B5B5C62A2B03539D006E8A88 /* LaunchScreen.storyboard in Resources */ = {isa = PBXBuildFile; fileRef = B5B5C6282B03539D006E8A88 /* LaunchScreen.storyboard */; };
		B5B5C6372B035536006E8A88 /* MyTableViewCell.swift in Sources */ = {isa = PBXBuildFile; fileRef = B5B5C6352B035536006E8A88 /* MyTableViewCell.swift */; };
		B5B5C6382B035536006E8A88 /* MyTableViewCell.xib in Resources */ = {isa = PBXBuildFile; fileRef = B5B5C6362B035536006E8A88 /* MyTableViewCell.xib */; };
		B5B5C63B2B035886006E8A88 /* Poets.swift in Sources */ = {isa = PBXBuildFile; fileRef = B5B5C63A2B035886006E8A88 /* Poets.swift */; };
		B5B5C63D2B038A39006E8A88 /* DetailViewController.swift in Sources */ = {isa = PBXBuildFile; fileRef = B5B5C63C2B038A39006E8A88 /* DetailViewController.swift */; };
/* End PBXBuildFile section */

/* Begin PBXFileReference section */
		B5B5C61A2B03539B006E8A88 /* tableView-cell-xib.app */ = {isa = PBXFileReference; explicitFileType = wrapper.application; includeInIndex = 0; path = "tableView-cell-xib.app"; sourceTree = BUILT_PRODUCTS_DIR; };
		B5B5C61D2B03539B006E8A88 /* AppDelegate.swift */ = {isa = PBXFileReference; lastKnownFileType = sourcecode.swift; path = AppDelegate.swift; sourceTree = "<group>"; };
		B5B5C61F2B03539B006E8A88 /* SceneDelegate.swift */ = {isa = PBXFileReference; lastKnownFileType = sourcecode.swift; path = SceneDelegate.swift; sourceTree = "<group>"; };
		B5B5C6212B03539B006E8A88 /* MainViewController.swift */ = {isa = PBXFileReference; lastKnownFileType = sourcecode.swift; path = MainViewController.swift; sourceTree = "<group>"; };
		B5B5C6242B03539B006E8A88 /* Base */ = {isa = PBXFileReference; lastKnownFileType = file.storyboard; name = Base; path = Base.lproj/Main.storyboard; sourceTree = "<group>"; };
		B5B5C6262B03539D006E8A88 /* Assets.xcassets */ = {isa = PBXFileReference; lastKnownFileType = folder.assetcatalog; path = Assets.xcassets; sourceTree = "<group>"; };
		B5B5C6292B03539D006E8A88 /* Base */ = {isa = PBXFileReference; lastKnownFileType = file.storyboard; name = Base; path = Base.lproj/LaunchScreen.storyboard; sourceTree = "<group>"; };
		B5B5C62B2B03539D006E8A88 /* Info.plist */ = {isa = PBXFileReference; lastKnownFileType = text.plist.xml; path = Info.plist; sourceTree = "<group>"; };
		B5B5C6352B035536006E8A88 /* MyTableViewCell.swift */ = {isa = PBXFileReference; lastKnownFileType = sourcecode.swift; path = MyTableViewCell.swift; sourceTree = "<group>"; };
		B5B5C6362B035536006E8A88 /* MyTableViewCell.xib */ = {isa = PBXFileReference; lastKnownFileType = file.xib; path = MyTableViewCell.xib; sourceTree = "<group>"; };
		B5B5C63A2B035886006E8A88 /* Poets.swift */ = {isa = PBXFileReference; lastKnownFileType = sourcecode.swift; path = Poets.swift; sourceTree = "<group>"; };
		B5B5C63C2B038A39006E8A88 /* DetailViewController.swift */ = {isa = PBXFileReference; lastKnownFileType = sourcecode.swift; path = DetailViewController.swift; sourceTree = "<group>"; };
/* End PBXFileReference section */

/* Begin PBXFrameworksBuildPhase section */
		B5B5C6172B03539B006E8A88 /* Frameworks */ = {
			isa = PBXFrameworksBuildPhase;
			buildActionMask = 2147483647;
			files = (
			);
			runOnlyForDeploymentPostprocessing = 0;
		};
/* End PBXFrameworksBuildPhase section */

/* Begin PBXGroup section */
		B53315272B44484F00377809 /* Components */ = {
			isa = PBXGroup;
			children = (
				B5B5C6342B035504006E8A88 /* cell */,
			);
			path = Components;
			sourceTree = "<group>";
		};
		B53315282B44486500377809 /* Main */ = {
			isa = PBXGroup;
			children = (
				B5B5C6392B035831006E8A88 /* model */,
				B5B5C6212B03539B006E8A88 /* MainViewController.swift */,
			);
			path = Main;
			sourceTree = "<group>";
		};
		B53315292B44488000377809 /* Detail */ = {
			isa = PBXGroup;
			children = (
				B5B5C63C2B038A39006E8A88 /* DetailViewController.swift */,
			);
			path = Detail;
			sourceTree = "<group>";
		};
		B5B5C6112B03539B006E8A88 = {
			isa = PBXGroup;
			children = (
				B5B5C61C2B03539B006E8A88 /* tableView-cell-xib */,
				B5B5C61B2B03539B006E8A88 /* Products */,
			);
			sourceTree = "<group>";
		};
		B5B5C61B2B03539B006E8A88 /* Products */ = {
			isa = PBXGroup;
			children = (
				B5B5C61A2B03539B006E8A88 /* tableView-cell-xib.app */,
			);
			name = Products;
			sourceTree = "<group>";
		};
		B5B5C61C2B03539B006E8A88 /* tableView-cell-xib */ = {
			isa = PBXGroup;
			children = (
				B53315282B44486500377809 /* Main */,
				B53315292B44488000377809 /* Detail */,
				B5B5C6232B03539B006E8A88 /* Main.storyboard */,
				B53315272B44484F00377809 /* Components */,
				B5B5C6312B0353CF006E8A88 /* supports */,
			);
			path = "tableView-cell-xib";
			sourceTree = "<group>";
		};
		B5B5C6312B0353CF006E8A88 /* supports */ = {
			isa = PBXGroup;
			children = (
				B5B5C61F2B03539B006E8A88 /* SceneDelegate.swift */,
				B5B5C61D2B03539B006E8A88 /* AppDelegate.swift */,
				B5B5C6282B03539D006E8A88 /* LaunchScreen.storyboard */,
				B5B5C6262B03539D006E8A88 /* Assets.xcassets */,
				B5B5C62B2B03539D006E8A88 /* Info.plist */,
			);
			path = supports;
			sourceTree = "<group>";
		};
		B5B5C6342B035504006E8A88 /* cell */ = {
			isa = PBXGroup;
			children = (
				B5B5C6352B035536006E8A88 /* MyTableViewCell.swift */,
				B5B5C6362B035536006E8A88 /* MyTableViewCell.xib */,
			);
			path = cell;
			sourceTree = "<group>";
		};
		B5B5C6392B035831006E8A88 /* model */ = {
			isa = PBXGroup;
			children = (
				B5B5C63A2B035886006E8A88 /* Poets.swift */,
			);
			path = model;
			sourceTree = "<group>";
		};
/* End PBXGroup section */

/* Begin PBXNativeTarget section */
		B5B5C6192B03539B006E8A88 /* tableView-cell-xib */ = {
			isa = PBXNativeTarget;
			buildConfigurationList = B5B5C62E2B03539D006E8A88 /* Build configuration list for PBXNativeTarget "tableView-cell-xib" */;
			buildPhases = (
				B5B5C6162B03539B006E8A88 /* Sources */,
				B5B5C6172B03539B006E8A88 /* Frameworks */,
				B5B5C6182B03539B006E8A88 /* Resources */,
			);
			buildRules = (
			);
			dependencies = (
			);
			name = "tableView-cell-xib";
			productName = "tableView-cell-xib";
			productReference = B5B5C61A2B03539B006E8A88 /* tableView-cell-xib.app */;
			productType = "com.apple.product-type.application";
		};
/* End PBXNativeTarget section */

/* Begin PBXProject section */
		B5B5C6122B03539B006E8A88 /* Project object */ = {
			isa = PBXProject;
			attributes = {
				BuildIndependentTargetsInParallel = 1;
				LastSwiftUpdateCheck = 1420;
				LastUpgradeCheck = 1420;
				TargetAttributes = {
					B5B5C6192B03539B006E8A88 = {
						CreatedOnToolsVersion = 14.2;
					};
				};
			};
			buildConfigurationList = B5B5C6152B03539B006E8A88 /* Build configuration list for PBXProject "tableView-cell-xib" */;
			compatibilityVersion = "Xcode 14.0";
			developmentRegion = en;
			hasScannedForEncodings = 0;
			knownRegions = (
				en,
				Base,
			);
			mainGroup = B5B5C6112B03539B006E8A88;
			productRefGroup = B5B5C61B2B03539B006E8A88 /* Products */;
			projectDirPath = "";
			projectRoot = "";
			targets = (
				B5B5C6192B03539B006E8A88 /* tableView-cell-xib */,
			);
		};
/* End PBXProject section */

/* Begin PBXResourcesBuildPhase section */
		B5B5C6182B03539B006E8A88 /* Resources */ = {
			isa = PBXResourcesBuildPhase;
			buildActionMask = 2147483647;
			files = (
				B5B5C62A2B03539D006E8A88 /* LaunchScreen.storyboard in Resources */,
				B5B5C6382B035536006E8A88 /* MyTableViewCell.xib in Resources */,
				B5B5C6272B03539D006E8A88 /* Assets.xcassets in Resources */,
				B5B5C6252B03539B006E8A88 /* Main.storyboard in Resources */,
			);
			runOnlyForDeploymentPostprocessing = 0;
		};
/* End PBXResourcesBuildPhase section */

/* Begin PBXSourcesBuildPhase section */
		B5B5C6162B03539B006E8A88 /* Sources */ = {
			isa = PBXSourcesBuildPhase;
			buildActionMask = 2147483647;
			files = (
				B5B5C6222B03539B006E8A88 /* MainViewController.swift in Sources */,
				B5B5C6372B035536006E8A88 /* MyTableViewCell.swift in Sources */,
				B5B5C61E2B03539B006E8A88 /* AppDelegate.swift in Sources */,
				B5B5C63D2B038A39006E8A88 /* DetailViewController.swift in Sources */,
				B5B5C6202B03539B006E8A88 /* SceneDelegate.swift in Sources */,
				B5B5C63B2B035886006E8A88 /* Poets.swift in Sources */,
			);
			runOnlyForDeploymentPostprocessing = 0;
		};
/* End PBXSourcesBuildPhase section */

/* Begin PBXVariantGroup section */
		B5B5C6232B03539B006E8A88 /* Main.storyboard */ = {
			isa = PBXVariantGroup;
			children = (
				B5B5C6242B03539B006E8A88 /* Base */,
			);
			name = Main.storyboard;
			sourceTree = "<group>";
		};
		B5B5C6282B03539D006E8A88 /* LaunchScreen.storyboard */ = {
			isa = PBXVariantGroup;
			children = (
				B5B5C6292B03539D006E8A88 /* Base */,
			);
			name = LaunchScreen.storyboard;
			sourceTree = "<group>";
		};
/* End PBXVariantGroup section */

/* Begin XCBuildConfiguration section */
		B5B5C62C2B03539D006E8A88 /* Debug */ = {
			isa = XCBuildConfiguration;
			buildSettings = {
				ALWAYS_SEARCH_USER_PATHS = NO;
				CLANG_ANALYZER_NONNULL = YES;
				CLANG_ANALYZER_NUMBER_OBJECT_CONVERSION = YES_AGGRESSIVE;
				CLANG_CXX_LANGUAGE_STANDARD = "gnu++20";
				CLANG_ENABLE_MODULES = YES;
				CLANG_ENABLE_OBJC_ARC = YES;
				CLANG_ENABLE_OBJC_WEAK = YES;
				CLANG_WARN_BLOCK_CAPTURE_AUTORELEASING = YES;
				CLANG_WARN_BOOL_CONVERSION = YES;
				CLANG_WARN_COMMA = YES;
				CLANG_WARN_CONSTANT_CONVERSION = YES;
				CLANG_WARN_DEPRECATED_OBJC_IMPLEMENTATIONS = YES;
				CLANG_WARN_DIRECT_OBJC_ISA_USAGE = YES_ERROR;
				CLANG_WARN_DOCUMENTATION_COMMENTS = YES;
				CLANG_WARN_EMPTY_BODY = YES;
				CLANG_WARN_ENUM_CONVERSION = YES;
				CLANG_WARN_INFINITE_RECURSION = YES;
				CLANG_WARN_INT_CONVERSION = YES;
				CLANG_WARN_NON_LITERAL_NULL_CONVERSION = YES;
				CLANG_WARN_OBJC_IMPLICIT_RETAIN_SELF = YES;
				CLANG_WARN_OBJC_LITERAL_CONVERSION = YES;
				CLANG_WARN_OBJC_ROOT_CLASS = YES_ERROR;
				CLANG_WARN_QUOTED_INCLUDE_IN_FRAMEWORK_HEADER = YES;
				CLANG_WARN_RANGE_LOOP_ANALYSIS = YES;
				CLANG_WARN_STRICT_PROTOTYPES = YES;
				CLANG_WARN_SUSPICIOUS_MOVE = YES;
				CLANG_WARN_UNGUARDED_AVAILABILITY = YES_AGGRESSIVE;
				CLANG_WARN_UNREACHABLE_CODE = YES;
				CLANG_WARN__DUPLICATE_METHOD_MATCH = YES;
				COPY_PHASE_STRIP = NO;
				DEBUG_INFORMATION_FORMAT = dwarf;
				ENABLE_STRICT_OBJC_MSGSEND = YES;
				ENABLE_TESTABILITY = YES;
				GCC_C_LANGUAGE_STANDARD = gnu11;
				GCC_DYNAMIC_NO_PIC = NO;
				GCC_NO_COMMON_BLOCKS = YES;
				GCC_OPTIMIZATION_LEVEL = 0;
				GCC_PREPROCESSOR_DEFINITIONS = (
					"DEBUG=1",
					"$(inherited)",
				);
				GCC_WARN_64_TO_32_BIT_CONVERSION = YES;
				GCC_WARN_ABOUT_RETURN_TYPE = YES_ERROR;
				GCC_WARN_UNDECLARED_SELECTOR = YES;
				GCC_WARN_UNINITIALIZED_AUTOS = YES_AGGRESSIVE;
				GCC_WARN_UNUSED_FUNCTION = YES;
				GCC_WARN_UNUSED_VARIABLE = YES;
				IPHONEOS_DEPLOYMENT_TARGET = 16.2;
				MTL_ENABLE_DEBUG_INFO = INCLUDE_SOURCE;
				MTL_FAST_MATH = YES;
				ONLY_ACTIVE_ARCH = YES;
				SDKROOT = iphoneos;
				SWIFT_ACTIVE_COMPILATION_CONDITIONS = DEBUG;
				SWIFT_OPTIMIZATION_LEVEL = "-Onone";
			};
			name = Debug;
		};
		B5B5C62D2B03539D006E8A88 /* Release */ = {
			isa = XCBuildConfiguration;
			buildSettings = {
				ALWAYS_SEARCH_USER_PATHS = NO;
				CLANG_ANALYZER_NONNULL = YES;
				CLANG_ANALYZER_NUMBER_OBJECT_CONVERSION = YES_AGGRESSIVE;
				CLANG_CXX_LANGUAGE_STANDARD = "gnu++20";
				CLANG_ENABLE_MODULES = YES;
				CLANG_ENABLE_OBJC_ARC = YES;
				CLANG_ENABLE_OBJC_WEAK = YES;
				CLANG_WARN_BLOCK_CAPTURE_AUTORELEASING = YES;
				CLANG_WARN_BOOL_CONVERSION = YES;
				CLANG_WARN_COMMA = YES;
				CLANG_WARN_CONSTANT_CONVERSION = YES;
				CLANG_WARN_DEPRECATED_OBJC_IMPLEMENTATIONS = YES;
				CLANG_WARN_DIRECT_OBJC_ISA_USAGE = YES_ERROR;
				CLANG_WARN_DOCUMENTATION_COMMENTS = YES;
				CLANG_WARN_EMPTY_BODY = YES;
				CLANG_WARN_ENUM_CONVERSION = YES;
				CLANG_WARN_INFINITE_RECURSION = YES;
				CLANG_WARN_INT_CONVERSION = YES;
				CLANG_WARN_NON_LITERAL_NULL_CONVERSION = YES;
				CLANG_WARN_OBJC_IMPLICIT_RETAIN_SELF = YES;
				CLANG_WARN_OBJC_LITERAL_CONVERSION = YES;
				CLANG_WARN_OBJC_ROOT_CLASS = YES_ERROR;
				CLANG_WARN_QUOTED_INCLUDE_IN_FRAMEWORK_HEADER = YES;
				CLANG_WARN_RANGE_LOOP_ANALYSIS = YES;
				CLANG_WARN_STRICT_PROTOTYPES = YES;
				CLANG_WARN_SUSPICIOUS_MOVE = YES;
				CLANG_WARN_UNGUARDED_AVAILABILITY = YES_AGGRESSIVE;
				CLANG_WARN_UNREACHABLE_CODE = YES;
				CLANG_WARN__DUPLICATE_METHOD_MATCH = YES;
				COPY_PHASE_STRIP = NO;
				DEBUG_INFORMATION_FORMAT = "dwarf-with-dsym";
				ENABLE_NS_ASSERTIONS = NO;
				ENABLE_STRICT_OBJC_MSGSEND = YES;
				GCC_C_LANGUAGE_STANDARD = gnu11;
				GCC_NO_COMMON_BLOCKS = YES;
				GCC_WARN_64_TO_32_BIT_CONVERSION = YES;
				GCC_WARN_ABOUT_RETURN_TYPE = YES_ERROR;
				GCC_WARN_UNDECLARED_SELECTOR = YES;
				GCC_WARN_UNINITIALIZED_AUTOS = YES_AGGRESSIVE;
				GCC_WARN_UNUSED_FUNCTION = YES;
				GCC_WARN_UNUSED_VARIABLE = YES;
				IPHONEOS_DEPLOYMENT_TARGET = 16.2;
				MTL_ENABLE_DEBUG_INFO = NO;
				MTL_FAST_MATH = YES;
				SDKROOT = iphoneos;
				SWIFT_COMPILATION_MODE = wholemodule;
				SWIFT_OPTIMIZATION_LEVEL = "-O";
				VALIDATE_PRODUCT = YES;
			};
			name = Release;
		};
		B5B5C62F2B03539D006E8A88 /* Debug */ = {
			isa = XCBuildConfiguration;
			buildSettings = {
				ASSETCATALOG_COMPILER_APPICON_NAME = AppIcon;
				ASSETCATALOG_COMPILER_GLOBAL_ACCENT_COLOR_NAME = AccentColor;
				CODE_SIGN_STYLE = Automatic;
				CURRENT_PROJECT_VERSION = 1;
				DEVELOPMENT_TEAM = 64F5Q6KZ67;
				GENERATE_INFOPLIST_FILE = YES;
				INFOPLIST_FILE = "tableView-cell-xib/supports/Info.plist";
				INFOPLIST_KEY_UIApplicationSupportsIndirectInputEvents = YES;
				INFOPLIST_KEY_UILaunchStoryboardName = LaunchScreen;
				INFOPLIST_KEY_UIMainStoryboardFile = Main;
				INFOPLIST_KEY_UISupportedInterfaceOrientations_iPad = "UIInterfaceOrientationPortrait UIInterfaceOrientationPortraitUpsideDown UIInterfaceOrientationLandscapeLeft UIInterfaceOrientationLandscapeRight";
				INFOPLIST_KEY_UISupportedInterfaceOrientations_iPhone = "UIInterfaceOrientationPortrait UIInterfaceOrientationLandscapeLeft UIInterfaceOrientationLandscapeRight";
				LD_RUNPATH_SEARCH_PATHS = (
					"$(inherited)",
					"@executable_path/Frameworks",
				);
				MARKETING_VERSION = 1.0;
				PRODUCT_BUNDLE_IDENTIFIER = "com.sonerdmrci.tableView-cell-xib";
				PRODUCT_NAME = "$(TARGET_NAME)";
				SUPPORTED_PLATFORMS = "iphoneos iphonesimulator";
				SUPPORTS_MACCATALYST = NO;
				SUPPORTS_MAC_DESIGNED_FOR_IPHONE_IPAD = NO;
				SWIFT_EMIT_LOC_STRINGS = YES;
				SWIFT_VERSION = 5.0;
				TARGETED_DEVICE_FAMILY = 1;
			};
			name = Debug;
		};
		B5B5C6302B03539D006E8A88 /* Release */ = {
			isa = XCBuildConfiguration;
			buildSettings = {
				ASSETCATALOG_COMPILER_APPICON_NAME = AppIcon;
				ASSETCATALOG_COMPILER_GLOBAL_ACCENT_COLOR_NAME = AccentColor;
				CODE_SIGN_STYLE = Automatic;
				CURRENT_PROJECT_VERSION = 1;
				DEVELOPMENT_TEAM = 64F5Q6KZ67;
				GENERATE_INFOPLIST_FILE = YES;
				INFOPLIST_FILE = "tableView-cell-xib/supports/Info.plist";
				INFOPLIST_KEY_UIApplicationSupportsIndirectInputEvents = YES;
				INFOPLIST_KEY_UILaunchStoryboardName = LaunchScreen;
				INFOPLIST_KEY_UIMainStoryboardFile = Main;
				INFOPLIST_KEY_UISupportedInterfaceOrientations_iPad = "UIInterfaceOrientationPortrait UIInterfaceOrientationPortraitUpsideDown UIInterfaceOrientationLandscapeLeft UIInterfaceOrientationLandscapeRight";
				INFOPLIST_KEY_UISupportedInterfaceOrientations_iPhone = "UIInterfaceOrientationPortrait UIInterfaceOrientationLandscapeLeft UIInterfaceOrientationLandscapeRight";
				LD_RUNPATH_SEARCH_PATHS = (
					"$(inherited)",
					"@executable_path/Frameworks",
				);
				MARKETING_VERSION = 1.0;
				PRODUCT_BUNDLE_IDENTIFIER = "com.sonerdmrci.tableView-cell-xib";
				PRODUCT_NAME = "$(TARGET_NAME)";
				SUPPORTED_PLATFORMS = "iphoneos iphonesimulator";
				SUPPORTS_MACCATALYST = NO;
				SUPPORTS_MAC_DESIGNED_FOR_IPHONE_IPAD = NO;
				SWIFT_EMIT_LOC_STRINGS = YES;
				SWIFT_VERSION = 5.0;
				TARGETED_DEVICE_FAMILY = 1;
			};
			name = Release;
		};
/* End XCBuildConfiguration section */

/* Begin XCConfigurationList section */
		B5B5C6152B03539B006E8A88 /* Build configuration list for PBXProject "tableView-cell-xib" */ = {
			isa = XCConfigurationList;
			buildConfigurations = (
				B5B5C62C2B03539D006E8A88 /* Debug */,
				B5B5C62D2B03539D006E8A88 /* Release */,
			);
			defaultConfigurationIsVisible = 0;
			defaultConfigurationName = Release;
		};
		B5B5C62E2B03539D006E8A88 /* Build configuration list for PBXNativeTarget "tableView-cell-xib" */ = {
			isa = XCConfigurationList;
			buildConfigurations = (
				B5B5C62F2B03539D006E8A88 /* Debug */,
				B5B5C6302B03539D006E8A88 /* Release */,
			);
			defaultConfigurationIsVisible = 0;
			defaultConfigurationName = Release;
		};
/* End XCConfigurationList section */
	};
	rootObject = B5B5C6122B03539B006E8A88 /* Project object */;
}
